// !$*UTF8*$!
{
	archiveVersion = 1;
	classes = {
	};
	objectVersion = 46;
	objects = {

/* Begin PBXBuildFile section */
		DAC2740154FBF212DDBF033A /* libPods-KazanCityGuide.a in Frameworks */ = {isa = PBXBuildFile; fileRef = 91B7D0AE873DA08655D29CD3 /* libPods-KazanCityGuide.a */; };
		E1346A9A1D8642C6005A29E4 /* FeedbackTableViewCell.m in Sources */ = {isa = PBXBuildFile; fileRef = E1346A981D8642C6005A29E4 /* FeedbackTableViewCell.m */; };
		E1346A9B1D8642C6005A29E4 /* FeedbackTableViewCell.xib in Resources */ = {isa = PBXBuildFile; fileRef = E1346A991D8642C6005A29E4 /* FeedbackTableViewCell.xib */; };
		E1346A9E1D864433005A29E4 /* RatingVIew.m in Sources */ = {isa = PBXBuildFile; fileRef = E1346A9D1D864433005A29E4 /* RatingVIew.m */; };
		E1346AA11D867367005A29E4 /* MapComponentsView.m in Sources */ = {isa = PBXBuildFile; fileRef = E1346AA01D867367005A29E4 /* MapComponentsView.m */; };
		E1346AAA1D87258F005A29E4 /* PointViewController.m in Sources */ = {isa = PBXBuildFile; fileRef = E1346AA81D87258F005A29E4 /* PointViewController.m */; };
		E1346AAB1D87258F005A29E4 /* PointViewController.xib in Resources */ = {isa = PBXBuildFile; fileRef = E1346AA91D87258F005A29E4 /* PointViewController.xib */; };
		E179248C1D83872500478827 /* MenuViewController.m in Sources */ = {isa = PBXBuildFile; fileRef = E179248B1D83872500478827 /* MenuViewController.m */; };
		E17924901D83E8C400478827 /* DetailViewController.m in Sources */ = {isa = PBXBuildFile; fileRef = E179248F1D83E8C400478827 /* DetailViewController.m */; };
		E1800FBB1D835D790095F5EF /* Route.m in Sources */ = {isa = PBXBuildFile; fileRef = E1800FBA1D835D790095F5EF /* Route.m */; };
		E1800FBE1D8364400095F5EF /* RoutePointAnnotation.m in Sources */ = {isa = PBXBuildFile; fileRef = E1800FBD1D8364400095F5EF /* RoutePointAnnotation.m */; };
		E1A28E6B1D81E674007724F1 /* MapViewController.m in Sources */ = {isa = PBXBuildFile; fileRef = E1A28E6A1D81E674007724F1 /* MapViewController.m */; };
		E1A28E6F1D82F8BC007724F1 /* NetManager.m in Sources */ = {isa = PBXBuildFile; fileRef = E1A28E6E1D82F8BC007724F1 /* NetManager.m */; };
		E1A28E771D8301CD007724F1 /* RoutePoint.m in Sources */ = {isa = PBXBuildFile; fileRef = E1A28E761D8301CD007724F1 /* RoutePoint.m */; };
		E1A28E7E1D8303EB007724F1 /* RouteCollectionViewCell.m in Sources */ = {isa = PBXBuildFile; fileRef = E1A28E7C1D8303EB007724F1 /* RouteCollectionViewCell.m */; };
		E1A28E7F1D8303EB007724F1 /* RouteCollectionViewCell.xib in Resources */ = {isa = PBXBuildFile; fileRef = E1A28E7D1D8303EB007724F1 /* RouteCollectionViewCell.xib */; };
		E1A28E831D8309F9007724F1 /* CustomAnnotationView.m in Sources */ = {isa = PBXBuildFile; fileRef = E1A28E821D8309F9007724F1 /* CustomAnnotationView.m */; };
		E1A28E861D830D1F007724F1 /* CustomCalloutView.m in Sources */ = {isa = PBXBuildFile; fileRef = E1A28E851D830D1F007724F1 /* CustomCalloutView.m */; };
		E1AAECF61D8601A700A1ECEF /* FixedNavigationViewController.m in Sources */ = {isa = PBXBuildFile; fileRef = E1AAECF51D8601A700A1ECEF /* FixedNavigationViewController.m */; };
		E1AAECFA1D861AB900A1ECEF /* RouteInfoTableViewCell.m in Sources */ = {isa = PBXBuildFile; fileRef = E1AAECF81D861AB900A1ECEF /* RouteInfoTableViewCell.m */; };
		E1AAECFB1D861AB900A1ECEF /* RouteInfoTableViewCell.xib in Resources */ = {isa = PBXBuildFile; fileRef = E1AAECF91D861AB900A1ECEF /* RouteInfoTableViewCell.xib */; };
		E1AAECFE1D86224E00A1ECEF /* RouteFeedback.m in Sources */ = {isa = PBXBuildFile; fileRef = E1AAECFD1D86224E00A1ECEF /* RouteFeedback.m */; };
		E1AAED011D86238400A1ECEF /* TESTModelManager.m in Sources */ = {isa = PBXBuildFile; fileRef = E1AAED001D86238400A1ECEF /* TESTModelManager.m */; };
		E1E5D2DD1D834A9100E15749 /* Assets.xcassets in Resources */ = {isa = PBXBuildFile; fileRef = E1E5D2DC1D834A9100E15749 /* Assets.xcassets */; };
		E1EC400D1D6D865600F364F9 /* main.m in Sources */ = {isa = PBXBuildFile; fileRef = E1EC400C1D6D865600F364F9 /* main.m */; };
		E1EC40101D6D865600F364F9 /* AppDelegate.m in Sources */ = {isa = PBXBuildFile; fileRef = E1EC400F1D6D865600F364F9 /* AppDelegate.m */; };
		E1EC40161D6D865600F364F9 /* Main.storyboard in Resources */ = {isa = PBXBuildFile; fileRef = E1EC40141D6D865600F364F9 /* Main.storyboard */; };
		E1EC40191D6D865600F364F9 /* KazanCityGuide.xcdatamodeld in Sources */ = {isa = PBXBuildFile; fileRef = E1EC40171D6D865600F364F9 /* KazanCityGuide.xcdatamodeld */; };
		E1EC401E1D6D865600F364F9 /* LaunchScreen.storyboard in Resources */ = {isa = PBXBuildFile; fileRef = E1EC401C1D6D865600F364F9 /* LaunchScreen.storyboard */; };
		E1EC40291D6D865600F364F9 /* KazanCityGuideTests.m in Sources */ = {isa = PBXBuildFile; fileRef = E1EC40281D6D865600F364F9 /* KazanCityGuideTests.m */; };
		E1EC40341D6D865600F364F9 /* KazanCityGuideUITests.m in Sources */ = {isa = PBXBuildFile; fileRef = E1EC40331D6D865600F364F9 /* KazanCityGuideUITests.m */; };
/* End PBXBuildFile section */

/* Begin PBXContainerItemProxy section */
		E1EC40251D6D865600F364F9 /* PBXContainerItemProxy */ = {
			isa = PBXContainerItemProxy;
			containerPortal = E1EC40001D6D865600F364F9 /* Project object */;
			proxyType = 1;
			remoteGlobalIDString = E1EC40071D6D865600F364F9;
			remoteInfo = KazanCityGuide;
		};
		E1EC40301D6D865600F364F9 /* PBXContainerItemProxy */ = {
			isa = PBXContainerItemProxy;
			containerPortal = E1EC40001D6D865600F364F9 /* Project object */;
			proxyType = 1;
			remoteGlobalIDString = E1EC40071D6D865600F364F9;
			remoteInfo = KazanCityGuide;
		};
/* End PBXContainerItemProxy section */

/* Begin PBXFileReference section */
		14E4DEA684BC3DACC2B2E115 /* Pods-KazanCityGuide.release.xcconfig */ = {isa = PBXFileReference; includeInIndex = 1; lastKnownFileType = text.xcconfig; name = "Pods-KazanCityGuide.release.xcconfig"; path = "Pods/Target Support Files/Pods-KazanCityGuide/Pods-KazanCityGuide.release.xcconfig"; sourceTree = "<group>"; };
		91B7D0AE873DA08655D29CD3 /* libPods-KazanCityGuide.a */ = {isa = PBXFileReference; explicitFileType = archive.ar; includeInIndex = 0; path = "libPods-KazanCityGuide.a"; sourceTree = BUILT_PRODUCTS_DIR; };
		E1346A971D8642C6005A29E4 /* FeedbackTableViewCell.h */ = {isa = PBXFileReference; fileEncoding = 4; lastKnownFileType = sourcecode.c.h; path = FeedbackTableViewCell.h; sourceTree = "<group>"; };
		E1346A981D8642C6005A29E4 /* FeedbackTableViewCell.m */ = {isa = PBXFileReference; fileEncoding = 4; lastKnownFileType = sourcecode.c.objc; path = FeedbackTableViewCell.m; sourceTree = "<group>"; };
		E1346A991D8642C6005A29E4 /* FeedbackTableViewCell.xib */ = {isa = PBXFileReference; fileEncoding = 4; lastKnownFileType = file.xib; path = FeedbackTableViewCell.xib; sourceTree = "<group>"; };
		E1346A9C1D864433005A29E4 /* RatingVIew.h */ = {isa = PBXFileReference; fileEncoding = 4; lastKnownFileType = sourcecode.c.h; path = RatingVIew.h; sourceTree = "<group>"; };
		E1346A9D1D864433005A29E4 /* RatingVIew.m */ = {isa = PBXFileReference; fileEncoding = 4; lastKnownFileType = sourcecode.c.objc; path = RatingVIew.m; sourceTree = "<group>"; };
		E1346A9F1D867367005A29E4 /* MapComponentsView.h */ = {isa = PBXFileReference; fileEncoding = 4; lastKnownFileType = sourcecode.c.h; path = MapComponentsView.h; sourceTree = "<group>"; };
		E1346AA01D867367005A29E4 /* MapComponentsView.m */ = {isa = PBXFileReference; fileEncoding = 4; lastKnownFileType = sourcecode.c.objc; path = MapComponentsView.m; sourceTree = "<group>"; };
		E1346AA71D87258F005A29E4 /* PointViewController.h */ = {isa = PBXFileReference; fileEncoding = 4; lastKnownFileType = sourcecode.c.h; path = PointViewController.h; sourceTree = "<group>"; };
		E1346AA81D87258F005A29E4 /* PointViewController.m */ = {isa = PBXFileReference; fileEncoding = 4; lastKnownFileType = sourcecode.c.objc; path = PointViewController.m; sourceTree = "<group>"; };
		E1346AA91D87258F005A29E4 /* PointViewController.xib */ = {isa = PBXFileReference; fileEncoding = 4; lastKnownFileType = file.xib; path = PointViewController.xib; sourceTree = "<group>"; };
		E179248A1D83872500478827 /* MenuViewController.h */ = {isa = PBXFileReference; fileEncoding = 4; lastKnownFileType = sourcecode.c.h; path = MenuViewController.h; sourceTree = "<group>"; };
		E179248B1D83872500478827 /* MenuViewController.m */ = {isa = PBXFileReference; fileEncoding = 4; lastKnownFileType = sourcecode.c.objc; path = MenuViewController.m; sourceTree = "<group>"; };
		E179248E1D83E8C400478827 /* DetailViewController.h */ = {isa = PBXFileReference; fileEncoding = 4; lastKnownFileType = sourcecode.c.h; path = DetailViewController.h; sourceTree = "<group>"; };
		E179248F1D83E8C400478827 /* DetailViewController.m */ = {isa = PBXFileReference; fileEncoding = 4; lastKnownFileType = sourcecode.c.objc; path = DetailViewController.m; sourceTree = "<group>"; };
		E1800FB91D835D790095F5EF /* Route.h */ = {isa = PBXFileReference; fileEncoding = 4; lastKnownFileType = sourcecode.c.h; path = Route.h; sourceTree = "<group>"; };
		E1800FBA1D835D790095F5EF /* Route.m */ = {isa = PBXFileReference; fileEncoding = 4; lastKnownFileType = sourcecode.c.objc; path = Route.m; sourceTree = "<group>"; };
		E1800FBC1D8364400095F5EF /* RoutePointAnnotation.h */ = {isa = PBXFileReference; fileEncoding = 4; lastKnownFileType = sourcecode.c.h; path = RoutePointAnnotation.h; sourceTree = "<group>"; };
		E1800FBD1D8364400095F5EF /* RoutePointAnnotation.m */ = {isa = PBXFileReference; fileEncoding = 4; lastKnownFileType = sourcecode.c.objc; path = RoutePointAnnotation.m; sourceTree = "<group>"; };
		E1A28E691D81E674007724F1 /* MapViewController.h */ = {isa = PBXFileReference; fileEncoding = 4; lastKnownFileType = sourcecode.c.h; path = MapViewController.h; sourceTree = "<group>"; };
		E1A28E6A1D81E674007724F1 /* MapViewController.m */ = {isa = PBXFileReference; fileEncoding = 4; lastKnownFileType = sourcecode.c.objc; path = MapViewController.m; sourceTree = "<group>"; };
		E1A28E6D1D82F8BC007724F1 /* NetManager.h */ = {isa = PBXFileReference; fileEncoding = 4; lastKnownFileType = sourcecode.c.h; path = NetManager.h; sourceTree = "<group>"; };
		E1A28E6E1D82F8BC007724F1 /* NetManager.m */ = {isa = PBXFileReference; fileEncoding = 4; lastKnownFileType = sourcecode.c.objc; path = NetManager.m; sourceTree = "<group>"; };
		E1A28E751D8301CD007724F1 /* RoutePoint.h */ = {isa = PBXFileReference; fileEncoding = 4; lastKnownFileType = sourcecode.c.h; path = RoutePoint.h; sourceTree = "<group>"; };
		E1A28E761D8301CD007724F1 /* RoutePoint.m */ = {isa = PBXFileReference; fileEncoding = 4; lastKnownFileType = sourcecode.c.objc; path = RoutePoint.m; sourceTree = "<group>"; };
		E1A28E7B1D8303EB007724F1 /* RouteCollectionViewCell.h */ = {isa = PBXFileReference; fileEncoding = 4; lastKnownFileType = sourcecode.c.h; path = RouteCollectionViewCell.h; sourceTree = "<group>"; };
		E1A28E7C1D8303EB007724F1 /* RouteCollectionViewCell.m */ = {isa = PBXFileReference; fileEncoding = 4; lastKnownFileType = sourcecode.c.objc; path = RouteCollectionViewCell.m; sourceTree = "<group>"; };
		E1A28E7D1D8303EB007724F1 /* RouteCollectionViewCell.xib */ = {isa = PBXFileReference; fileEncoding = 4; lastKnownFileType = file.xib; path = RouteCollectionViewCell.xib; sourceTree = "<group>"; };
		E1A28E811D8309F9007724F1 /* CustomAnnotationView.h */ = {isa = PBXFileReference; fileEncoding = 4; lastKnownFileType = sourcecode.c.h; path = CustomAnnotationView.h; sourceTree = "<group>"; };
		E1A28E821D8309F9007724F1 /* CustomAnnotationView.m */ = {isa = PBXFileReference; fileEncoding = 4; lastKnownFileType = sourcecode.c.objc; path = CustomAnnotationView.m; sourceTree = "<group>"; };
		E1A28E841D830D1F007724F1 /* CustomCalloutView.h */ = {isa = PBXFileReference; fileEncoding = 4; lastKnownFileType = sourcecode.c.h; path = CustomCalloutView.h; sourceTree = "<group>"; };
		E1A28E851D830D1F007724F1 /* CustomCalloutView.m */ = {isa = PBXFileReference; fileEncoding = 4; lastKnownFileType = sourcecode.c.objc; path = CustomCalloutView.m; sourceTree = "<group>"; };
		E1AAECF41D8601A700A1ECEF /* FixedNavigationViewController.h */ = {isa = PBXFileReference; fileEncoding = 4; lastKnownFileType = sourcecode.c.h; path = FixedNavigationViewController.h; sourceTree = "<group>"; };
		E1AAECF51D8601A700A1ECEF /* FixedNavigationViewController.m */ = {isa = PBXFileReference; fileEncoding = 4; lastKnownFileType = sourcecode.c.objc; path = FixedNavigationViewController.m; sourceTree = "<group>"; };
		E1AAECF71D861AB900A1ECEF /* RouteInfoTableViewCell.h */ = {isa = PBXFileReference; fileEncoding = 4; lastKnownFileType = sourcecode.c.h; path = RouteInfoTableViewCell.h; sourceTree = "<group>"; };
		E1AAECF81D861AB900A1ECEF /* RouteInfoTableViewCell.m */ = {isa = PBXFileReference; fileEncoding = 4; lastKnownFileType = sourcecode.c.objc; path = RouteInfoTableViewCell.m; sourceTree = "<group>"; };
		E1AAECF91D861AB900A1ECEF /* RouteInfoTableViewCell.xib */ = {isa = PBXFileReference; fileEncoding = 4; lastKnownFileType = file.xib; path = RouteInfoTableViewCell.xib; sourceTree = "<group>"; };
		E1AAECFC1D86224E00A1ECEF /* RouteFeedback.h */ = {isa = PBXFileReference; fileEncoding = 4; lastKnownFileType = sourcecode.c.h; path = RouteFeedback.h; sourceTree = "<group>"; };
		E1AAECFD1D86224E00A1ECEF /* RouteFeedback.m */ = {isa = PBXFileReference; fileEncoding = 4; lastKnownFileType = sourcecode.c.objc; path = RouteFeedback.m; sourceTree = "<group>"; };
		E1AAECFF1D86238400A1ECEF /* TESTModelManager.h */ = {isa = PBXFileReference; fileEncoding = 4; lastKnownFileType = sourcecode.c.h; path = TESTModelManager.h; sourceTree = "<group>"; };
		E1AAED001D86238400A1ECEF /* TESTModelManager.m */ = {isa = PBXFileReference; fileEncoding = 4; lastKnownFileType = sourcecode.c.objc; path = TESTModelManager.m; sourceTree = "<group>"; };
		E1E5D2DC1D834A9100E15749 /* Assets.xcassets */ = {isa = PBXFileReference; lastKnownFileType = folder.assetcatalog; name = Assets.xcassets; path = ../Assets.xcassets; sourceTree = "<group>"; };
		E1EC40081D6D865600F364F9 /* KazanCityGuide.app */ = {isa = PBXFileReference; explicitFileType = wrapper.application; includeInIndex = 0; path = KazanCityGuide.app; sourceTree = BUILT_PRODUCTS_DIR; };
		E1EC400C1D6D865600F364F9 /* main.m */ = {isa = PBXFileReference; lastKnownFileType = sourcecode.c.objc; path = main.m; sourceTree = "<group>"; };
		E1EC400E1D6D865600F364F9 /* AppDelegate.h */ = {isa = PBXFileReference; lastKnownFileType = sourcecode.c.h; path = AppDelegate.h; sourceTree = "<group>"; };
		E1EC400F1D6D865600F364F9 /* AppDelegate.m */ = {isa = PBXFileReference; lastKnownFileType = sourcecode.c.objc; path = AppDelegate.m; sourceTree = "<group>"; };
		E1EC40151D6D865600F364F9 /* Base */ = {isa = PBXFileReference; lastKnownFileType = file.storyboard; name = Base; path = Base.lproj/Main.storyboard; sourceTree = "<group>"; };
		E1EC40181D6D865600F364F9 /* KazanCityGuide.xcdatamodel */ = {isa = PBXFileReference; lastKnownFileType = wrapper.xcdatamodel; path = KazanCityGuide.xcdatamodel; sourceTree = "<group>"; };
		E1EC401D1D6D865600F364F9 /* Base */ = {isa = PBXFileReference; lastKnownFileType = file.storyboard; name = Base; path = Base.lproj/LaunchScreen.storyboard; sourceTree = "<group>"; };
		E1EC401F1D6D865600F364F9 /* Info.plist */ = {isa = PBXFileReference; lastKnownFileType = text.plist.xml; path = Info.plist; sourceTree = "<group>"; };
		E1EC40241D6D865600F364F9 /* KazanCityGuideTests.xctest */ = {isa = PBXFileReference; explicitFileType = wrapper.cfbundle; includeInIndex = 0; path = KazanCityGuideTests.xctest; sourceTree = BUILT_PRODUCTS_DIR; };
		E1EC40281D6D865600F364F9 /* KazanCityGuideTests.m */ = {isa = PBXFileReference; lastKnownFileType = sourcecode.c.objc; path = KazanCityGuideTests.m; sourceTree = "<group>"; };
		E1EC402A1D6D865600F364F9 /* Info.plist */ = {isa = PBXFileReference; lastKnownFileType = text.plist.xml; path = Info.plist; sourceTree = "<group>"; };
		E1EC402F1D6D865600F364F9 /* KazanCityGuideUITests.xctest */ = {isa = PBXFileReference; explicitFileType = wrapper.cfbundle; includeInIndex = 0; path = KazanCityGuideUITests.xctest; sourceTree = BUILT_PRODUCTS_DIR; };
		E1EC40331D6D865600F364F9 /* KazanCityGuideUITests.m */ = {isa = PBXFileReference; lastKnownFileType = sourcecode.c.objc; path = KazanCityGuideUITests.m; sourceTree = "<group>"; };
		E1EC40351D6D865700F364F9 /* Info.plist */ = {isa = PBXFileReference; lastKnownFileType = text.plist.xml; path = Info.plist; sourceTree = "<group>"; };
		E95A04C97F44965C981FC2D5 /* Pods-KazanCityGuide.debug.xcconfig */ = {isa = PBXFileReference; includeInIndex = 1; lastKnownFileType = text.xcconfig; name = "Pods-KazanCityGuide.debug.xcconfig"; path = "Pods/Target Support Files/Pods-KazanCityGuide/Pods-KazanCityGuide.debug.xcconfig"; sourceTree = "<group>"; };
/* End PBXFileReference section */

/* Begin PBXFrameworksBuildPhase section */
		E1EC40051D6D865600F364F9 /* Frameworks */ = {
			isa = PBXFrameworksBuildPhase;
			buildActionMask = 2147483647;
			files = (
				DAC2740154FBF212DDBF033A /* libPods-KazanCityGuide.a in Frameworks */,
			);
			runOnlyForDeploymentPostprocessing = 0;
		};
		E1EC40211D6D865600F364F9 /* Frameworks */ = {
			isa = PBXFrameworksBuildPhase;
			buildActionMask = 2147483647;
			files = (
			);
			runOnlyForDeploymentPostprocessing = 0;
		};
		E1EC402C1D6D865600F364F9 /* Frameworks */ = {
			isa = PBXFrameworksBuildPhase;
			buildActionMask = 2147483647;
			files = (
			);
			runOnlyForDeploymentPostprocessing = 0;
		};
/* End PBXFrameworksBuildPhase section */

/* Begin PBXGroup section */
		97D0C1CFF4EA3D0C49F17C74 /* Frameworks */ = {
			isa = PBXGroup;
			children = (
				91B7D0AE873DA08655D29CD3 /* libPods-KazanCityGuide.a */,
			);
			name = Frameworks;
			sourceTree = "<group>";
		};
		C64462B61110155808FB9925 /* Pods */ = {
			isa = PBXGroup;
			children = (
				E95A04C97F44965C981FC2D5 /* Pods-KazanCityGuide.debug.xcconfig */,
				14E4DEA684BC3DACC2B2E115 /* Pods-KazanCityGuide.release.xcconfig */,
			);
			name = Pods;
			sourceTree = "<group>";
		};
		E1346A961D862F12005A29E4 /* Route */ = {
			isa = PBXGroup;
			children = (
				E1800FB91D835D790095F5EF /* Route.h */,
				E1800FBA1D835D790095F5EF /* Route.m */,
				E1A28E751D8301CD007724F1 /* RoutePoint.h */,
				E1A28E761D8301CD007724F1 /* RoutePoint.m */,
				E1800FBC1D8364400095F5EF /* RoutePointAnnotation.h */,
				E1800FBD1D8364400095F5EF /* RoutePointAnnotation.m */,
				E1AAECFC1D86224E00A1ECEF /* RouteFeedback.h */,
				E1AAECFD1D86224E00A1ECEF /* RouteFeedback.m */,
			);
			name = Route;
			sourceTree = "<group>";
		};
		E1A28E671D81E4CF007724F1 /* Map */ = {
			isa = PBXGroup;
			children = (
				E1A28E691D81E674007724F1 /* MapViewController.h */,
				E1A28E6A1D81E674007724F1 /* MapViewController.m */,
				E1A28E811D8309F9007724F1 /* CustomAnnotationView.h */,
				E1A28E821D8309F9007724F1 /* CustomAnnotationView.m */,
				E1A28E841D830D1F007724F1 /* CustomCalloutView.h */,
				E1A28E851D830D1F007724F1 /* CustomCalloutView.m */,
			);
			name = Map;
			sourceTree = "<group>";
		};
		E1A28E681D81E4FE007724F1 /* Menu */ = {
			isa = PBXGroup;
			children = (
				E1A28E801D8303F4007724F1 /* Cells */,
				E179248A1D83872500478827 /* MenuViewController.h */,
				E179248B1D83872500478827 /* MenuViewController.m */,
				E179248E1D83E8C400478827 /* DetailViewController.h */,
				E179248F1D83E8C400478827 /* DetailViewController.m */,
				E1346AA71D87258F005A29E4 /* PointViewController.h */,
				E1346AA81D87258F005A29E4 /* PointViewController.m */,
			);
			name = Menu;
			sourceTree = "<group>";
		};
		E1A28E701D82F8D3007724F1 /* View */ = {
			isa = PBXGroup;
			children = (
				E1EC40141D6D865600F364F9 /* Main.storyboard */,
				E1EC401C1D6D865600F364F9 /* LaunchScreen.storyboard */,
				E1346AA91D87258F005A29E4 /* PointViewController.xib */,
			);
			name = View;
			sourceTree = "<group>";
		};
		E1A28E711D82FDB7007724F1 /* Model */ = {
			isa = PBXGroup;
			children = (
				E1A28E6D1D82F8BC007724F1 /* NetManager.h */,
				E1A28E6E1D82F8BC007724F1 /* NetManager.m */,
				E1AAECFF1D86238400A1ECEF /* TESTModelManager.h */,
				E1AAED001D86238400A1ECEF /* TESTModelManager.m */,
				E1346A961D862F12005A29E4 /* Route */,
			);
			name = Model;
			sourceTree = "<group>";
		};
		E1A28E801D8303F4007724F1 /* Cells */ = {
			isa = PBXGroup;
			children = (
				E1A28E7B1D8303EB007724F1 /* RouteCollectionViewCell.h */,
				E1A28E7C1D8303EB007724F1 /* RouteCollectionViewCell.m */,
				E1A28E7D1D8303EB007724F1 /* RouteCollectionViewCell.xib */,
				E1AAECF71D861AB900A1ECEF /* RouteInfoTableViewCell.h */,
				E1AAECF81D861AB900A1ECEF /* RouteInfoTableViewCell.m */,
				E1AAECF91D861AB900A1ECEF /* RouteInfoTableViewCell.xib */,
				E1346A971D8642C6005A29E4 /* FeedbackTableViewCell.h */,
				E1346A981D8642C6005A29E4 /* FeedbackTableViewCell.m */,
				E1346A991D8642C6005A29E4 /* FeedbackTableViewCell.xib */,
				E1346A9C1D864433005A29E4 /* RatingVIew.h */,
				E1346A9D1D864433005A29E4 /* RatingVIew.m */,
				E1346A9F1D867367005A29E4 /* MapComponentsView.h */,
				E1346AA01D867367005A29E4 /* MapComponentsView.m */,
			);
			name = Cells;
			sourceTree = "<group>";
		};
		E1EC3FFF1D6D865600F364F9 = {
			isa = PBXGroup;
			children = (
				E1EC400A1D6D865600F364F9 /* KazanCityGuide */,
				E1EC40271D6D865600F364F9 /* KazanCityGuideTests */,
				E1EC40321D6D865600F364F9 /* KazanCityGuideUITests */,
				E1EC40091D6D865600F364F9 /* Products */,
				C64462B61110155808FB9925 /* Pods */,
				97D0C1CFF4EA3D0C49F17C74 /* Frameworks */,
			);
			sourceTree = "<group>";
		};
		E1EC40091D6D865600F364F9 /* Products */ = {
			isa = PBXGroup;
			children = (
				E1EC40081D6D865600F364F9 /* KazanCityGuide.app */,
				E1EC40241D6D865600F364F9 /* KazanCityGuideTests.xctest */,
				E1EC402F1D6D865600F364F9 /* KazanCityGuideUITests.xctest */,
			);
			name = Products;
			sourceTree = "<group>";
		};
		E1EC400A1D6D865600F364F9 /* KazanCityGuide */ = {
			isa = PBXGroup;
			children = (
				E1A28E711D82FDB7007724F1 /* Model */,
				E1A28E671D81E4CF007724F1 /* Map */,
				E1A28E701D82F8D3007724F1 /* View */,
				E1A28E681D81E4FE007724F1 /* Menu */,
				E1EC400E1D6D865600F364F9 /* AppDelegate.h */,
				E1EC400F1D6D865600F364F9 /* AppDelegate.m */,
				E1AAECF41D8601A700A1ECEF /* FixedNavigationViewController.h */,
				E1AAECF51D8601A700A1ECEF /* FixedNavigationViewController.m */,
				E1EC400B1D6D865600F364F9 /* Supporting Files */,
			);
			path = KazanCityGuide;
			sourceTree = "<group>";
		};
		E1EC400B1D6D865600F364F9 /* Supporting Files */ = {
			isa = PBXGroup;
			children = (
				E1E5D2DC1D834A9100E15749 /* Assets.xcassets */,
				E1EC40171D6D865600F364F9 /* KazanCityGuide.xcdatamodeld */,
				E1EC401F1D6D865600F364F9 /* Info.plist */,
				E1EC400C1D6D865600F364F9 /* main.m */,
			);
			name = "Supporting Files";
			sourceTree = "<group>";
		};
		E1EC40271D6D865600F364F9 /* KazanCityGuideTests */ = {
			isa = PBXGroup;
			children = (
				E1EC40281D6D865600F364F9 /* KazanCityGuideTests.m */,
				E1EC402A1D6D865600F364F9 /* Info.plist */,
			);
			path = KazanCityGuideTests;
			sourceTree = "<group>";
		};
		E1EC40321D6D865600F364F9 /* KazanCityGuideUITests */ = {
			isa = PBXGroup;
			children = (
				E1EC40331D6D865600F364F9 /* KazanCityGuideUITests.m */,
				E1EC40351D6D865700F364F9 /* Info.plist */,
			);
			path = KazanCityGuideUITests;
			sourceTree = "<group>";
		};
/* End PBXGroup section */

/* Begin PBXNativeTarget section */
		E1EC40071D6D865600F364F9 /* KazanCityGuide */ = {
			isa = PBXNativeTarget;
			buildConfigurationList = E1EC40381D6D865700F364F9 /* Build configuration list for PBXNativeTarget "KazanCityGuide" */;
			buildPhases = (
				454F9CC47E737146508CE598 /* [CP] Check Pods Manifest.lock */,
				E1EC40041D6D865600F364F9 /* Sources */,
				E1EC40051D6D865600F364F9 /* Frameworks */,
				E1EC40061D6D865600F364F9 /* Resources */,
				35FE5C62F1E399C81FCBFF58 /* [CP] Embed Pods Frameworks */,
				E2DA90794992BEE58CBE4859 /* [CP] Copy Pods Resources */,
			);
			buildRules = (
			);
			dependencies = (
			);
			name = KazanCityGuide;
			productName = KazanCityGuide;
			productReference = E1EC40081D6D865600F364F9 /* KazanCityGuide.app */;
			productType = "com.apple.product-type.application";
		};
		E1EC40231D6D865600F364F9 /* KazanCityGuideTests */ = {
			isa = PBXNativeTarget;
			buildConfigurationList = E1EC403B1D6D865700F364F9 /* Build configuration list for PBXNativeTarget "KazanCityGuideTests" */;
			buildPhases = (
				E1EC40201D6D865600F364F9 /* Sources */,
				E1EC40211D6D865600F364F9 /* Frameworks */,
				E1EC40221D6D865600F364F9 /* Resources */,
			);
			buildRules = (
			);
			dependencies = (
				E1EC40261D6D865600F364F9 /* PBXTargetDependency */,
			);
			name = KazanCityGuideTests;
			productName = KazanCityGuideTests;
			productReference = E1EC40241D6D865600F364F9 /* KazanCityGuideTests.xctest */;
			productType = "com.apple.product-type.bundle.unit-test";
		};
		E1EC402E1D6D865600F364F9 /* KazanCityGuideUITests */ = {
			isa = PBXNativeTarget;
			buildConfigurationList = E1EC403E1D6D865700F364F9 /* Build configuration list for PBXNativeTarget "KazanCityGuideUITests" */;
			buildPhases = (
				E1EC402B1D6D865600F364F9 /* Sources */,
				E1EC402C1D6D865600F364F9 /* Frameworks */,
				E1EC402D1D6D865600F364F9 /* Resources */,
			);
			buildRules = (
			);
			dependencies = (
				E1EC40311D6D865600F364F9 /* PBXTargetDependency */,
			);
			name = KazanCityGuideUITests;
			productName = KazanCityGuideUITests;
			productReference = E1EC402F1D6D865600F364F9 /* KazanCityGuideUITests.xctest */;
			productType = "com.apple.product-type.bundle.ui-testing";
		};
/* End PBXNativeTarget section */

/* Begin PBXProject section */
		E1EC40001D6D865600F364F9 /* Project object */ = {
			isa = PBXProject;
			attributes = {
				LastUpgradeCheck = 0800;
				ORGANIZATIONNAME = "Daniil Novoselov";
				TargetAttributes = {
					E1EC40071D6D865600F364F9 = {
						CreatedOnToolsVersion = 7.3.1;
						DevelopmentTeam = TVZRL98942;
					};
					E1EC40231D6D865600F364F9 = {
						CreatedOnToolsVersion = 7.3.1;
						TestTargetID = E1EC40071D6D865600F364F9;
					};
					E1EC402E1D6D865600F364F9 = {
						CreatedOnToolsVersion = 7.3.1;
						TestTargetID = E1EC40071D6D865600F364F9;
					};
				};
			};
			buildConfigurationList = E1EC40031D6D865600F364F9 /* Build configuration list for PBXProject "KazanCityGuide" */;
			compatibilityVersion = "Xcode 3.2";
			developmentRegion = English;
			hasScannedForEncodings = 0;
			knownRegions = (
				en,
				Base,
			);
			mainGroup = E1EC3FFF1D6D865600F364F9;
			productRefGroup = E1EC40091D6D865600F364F9 /* Products */;
			projectDirPath = "";
			projectRoot = "";
			targets = (
				E1EC40071D6D865600F364F9 /* KazanCityGuide */,
				E1EC40231D6D865600F364F9 /* KazanCityGuideTests */,
				E1EC402E1D6D865600F364F9 /* KazanCityGuideUITests */,
			);
		};
/* End PBXProject section */

/* Begin PBXResourcesBuildPhase section */
		E1EC40061D6D865600F364F9 /* Resources */ = {
			isa = PBXResourcesBuildPhase;
			buildActionMask = 2147483647;
			files = (
				E1346A9B1D8642C6005A29E4 /* FeedbackTableViewCell.xib in Resources */,
				E1EC401E1D6D865600F364F9 /* LaunchScreen.storyboard in Resources */,
				E1A28E7F1D8303EB007724F1 /* RouteCollectionViewCell.xib in Resources */,
				E1E5D2DD1D834A9100E15749 /* Assets.xcassets in Resources */,
				E1346AAB1D87258F005A29E4 /* PointViewController.xib in Resources */,
				E1AAECFB1D861AB900A1ECEF /* RouteInfoTableViewCell.xib in Resources */,
				E1EC40161D6D865600F364F9 /* Main.storyboard in Resources */,
			);
			runOnlyForDeploymentPostprocessing = 0;
		};
		E1EC40221D6D865600F364F9 /* Resources */ = {
			isa = PBXResourcesBuildPhase;
			buildActionMask = 2147483647;
			files = (
			);
			runOnlyForDeploymentPostprocessing = 0;
		};
		E1EC402D1D6D865600F364F9 /* Resources */ = {
			isa = PBXResourcesBuildPhase;
			buildActionMask = 2147483647;
			files = (
			);
			runOnlyForDeploymentPostprocessing = 0;
		};
/* End PBXResourcesBuildPhase section */

/* Begin PBXShellScriptBuildPhase section */
		35FE5C62F1E399C81FCBFF58 /* [CP] Embed Pods Frameworks */ = {
			isa = PBXShellScriptBuildPhase;
			buildActionMask = 2147483647;
			files = (
			);
			inputPaths = (
			);
			name = "[CP] Embed Pods Frameworks";
			outputPaths = (
			);
			runOnlyForDeploymentPostprocessing = 0;
			shellPath = /bin/sh;
			shellScript = "\"${SRCROOT}/Pods/Target Support Files/Pods-KazanCityGuide/Pods-KazanCityGuide-frameworks.sh\"\n";
			showEnvVarsInLog = 0;
		};
		454F9CC47E737146508CE598 /* [CP] Check Pods Manifest.lock */ = {
			isa = PBXShellScriptBuildPhase;
			buildActionMask = 2147483647;
			files = (
			);
			inputPaths = (
			);
			name = "[CP] Check Pods Manifest.lock";
			outputPaths = (
			);
			runOnlyForDeploymentPostprocessing = 0;
			shellPath = /bin/sh;
			shellScript = "diff \"${PODS_ROOT}/../Podfile.lock\" \"${PODS_ROOT}/Manifest.lock\" > /dev/null\nif [[ $? != 0 ]] ; then\n    cat << EOM\nerror: The sandbox is not in sync with the Podfile.lock. Run 'pod install' or update your CocoaPods installation.\nEOM\n    exit 1\nfi\n";
			showEnvVarsInLog = 0;
		};
		E2DA90794992BEE58CBE4859 /* [CP] Copy Pods Resources */ = {
			isa = PBXShellScriptBuildPhase;
			buildActionMask = 2147483647;
			files = (
			);
			inputPaths = (
			);
			name = "[CP] Copy Pods Resources";
			outputPaths = (
			);
			runOnlyForDeploymentPostprocessing = 0;
			shellPath = /bin/sh;
			shellScript = "\"${SRCROOT}/Pods/Target Support Files/Pods-KazanCityGuide/Pods-KazanCityGuide-resources.sh\"\n";
			showEnvVarsInLog = 0;
		};
/* End PBXShellScriptBuildPhase section */

/* Begin PBXSourcesBuildPhase section */
		E1EC40041D6D865600F364F9 /* Sources */ = {
			isa = PBXSourcesBuildPhase;
			buildActionMask = 2147483647;
			files = (
				E1A28E831D8309F9007724F1 /* CustomAnnotationView.m in Sources */,
				E1EC40101D6D865600F364F9 /* AppDelegate.m in Sources */,
				E1800FBE1D8364400095F5EF /* RoutePointAnnotation.m in Sources */,
				E1AAECF61D8601A700A1ECEF /* FixedNavigationViewController.m in Sources */,
				E1A28E6F1D82F8BC007724F1 /* NetManager.m in Sources */,
				E1346A9E1D864433005A29E4 /* RatingVIew.m in Sources */,
				E1AAED011D86238400A1ECEF /* TESTModelManager.m in Sources */,
				E1AAECFA1D861AB900A1ECEF /* RouteInfoTableViewCell.m in Sources */,
				E1A28E7E1D8303EB007724F1 /* RouteCollectionViewCell.m in Sources */,
				E1346A9A1D8642C6005A29E4 /* FeedbackTableViewCell.m in Sources */,
				E1A28E771D8301CD007724F1 /* RoutePoint.m in Sources */,
				E1800FBB1D835D790095F5EF /* Route.m in Sources */,
				E1346AAA1D87258F005A29E4 /* PointViewController.m in Sources */,
				E179248C1D83872500478827 /* MenuViewController.m in Sources */,
				E1346AA11D867367005A29E4 /* MapComponentsView.m in Sources */,
				E1A28E6B1D81E674007724F1 /* MapViewController.m in Sources */,
				E17924901D83E8C400478827 /* DetailViewController.m in Sources */,
				E1A28E861D830D1F007724F1 /* CustomCalloutView.m in Sources */,
				E1EC400D1D6D865600F364F9 /* main.m in Sources */,
				E1AAECFE1D86224E00A1ECEF /* RouteFeedback.m in Sources */,
				E1EC40191D6D865600F364F9 /* KazanCityGuide.xcdatamodeld in Sources */,
			);
			runOnlyForDeploymentPostprocessing = 0;
		};
		E1EC40201D6D865600F364F9 /* Sources */ = {
			isa = PBXSourcesBuildPhase;
			buildActionMask = 2147483647;
			files = (
				E1EC40291D6D865600F364F9 /* KazanCityGuideTests.m in Sources */,
			);
			runOnlyForDeploymentPostprocessing = 0;
		};
		E1EC402B1D6D865600F364F9 /* Sources */ = {
			isa = PBXSourcesBuildPhase;
			buildActionMask = 2147483647;
			files = (
				E1EC40341D6D865600F364F9 /* KazanCityGuideUITests.m in Sources */,
			);
			runOnlyForDeploymentPostprocessing = 0;
		};
/* End PBXSourcesBuildPhase section */

/* Begin PBXTargetDependency section */
		E1EC40261D6D865600F364F9 /* PBXTargetDependency */ = {
			isa = PBXTargetDependency;
			target = E1EC40071D6D865600F364F9 /* KazanCityGuide */;
			targetProxy = E1EC40251D6D865600F364F9 /* PBXContainerItemProxy */;
		};
		E1EC40311D6D865600F364F9 /* PBXTargetDependency */ = {
			isa = PBXTargetDependency;
			target = E1EC40071D6D865600F364F9 /* KazanCityGuide */;
			targetProxy = E1EC40301D6D865600F364F9 /* PBXContainerItemProxy */;
		};
/* End PBXTargetDependency section */

/* Begin PBXVariantGroup section */
		E1EC40141D6D865600F364F9 /* Main.storyboard */ = {
			isa = PBXVariantGroup;
			children = (
				E1EC40151D6D865600F364F9 /* Base */,
			);
			name = Main.storyboard;
			sourceTree = "<group>";
		};
		E1EC401C1D6D865600F364F9 /* LaunchScreen.storyboard */ = {
			isa = PBXVariantGroup;
			children = (
				E1EC401D1D6D865600F364F9 /* Base */,
			);
			name = LaunchScreen.storyboard;
			sourceTree = "<group>";
		};
/* End PBXVariantGroup section */

/* Begin XCBuildConfiguration section */
		E1EC40361D6D865700F364F9 /* Debug */ = {
			isa = XCBuildConfiguration;
			buildSettings = {
				ALWAYS_SEARCH_USER_PATHS = NO;
				CLANG_ANALYZER_NONNULL = YES;
				CLANG_CXX_LANGUAGE_STANDARD = "gnu++0x";
				CLANG_CXX_LIBRARY = "libc++";
				CLANG_ENABLE_MODULES = YES;
				CLANG_ENABLE_OBJC_ARC = YES;
				CLANG_WARN_BOOL_CONVERSION = YES;
				CLANG_WARN_CONSTANT_CONVERSION = YES;
				CLANG_WARN_DIRECT_OBJC_ISA_USAGE = YES_ERROR;
				CLANG_WARN_EMPTY_BODY = YES;
				CLANG_WARN_ENUM_CONVERSION = YES;
				CLANG_WARN_INFINITE_RECURSION = YES;
				CLANG_WARN_INT_CONVERSION = YES;
				CLANG_WARN_OBJC_ROOT_CLASS = YES_ERROR;
				CLANG_WARN_SUSPICIOUS_MOVE = YES;
				CLANG_WARN_UNREACHABLE_CODE = YES;
				CLANG_WARN__DUPLICATE_METHOD_MATCH = YES;
				"CODE_SIGN_IDENTITY[sdk=iphoneos*]" = "iPhone Developer";
				COPY_PHASE_STRIP = NO;
				DEBUG_INFORMATION_FORMAT = dwarf;
				ENABLE_STRICT_OBJC_MSGSEND = YES;
				ENABLE_TESTABILITY = YES;
				GCC_C_LANGUAGE_STANDARD = gnu99;
				GCC_DYNAMIC_NO_PIC = NO;
				GCC_NO_COMMON_BLOCKS = YES;
				GCC_OPTIMIZATION_LEVEL = 0;
				GCC_PREPROCESSOR_DEFINITIONS = (
					"DEBUG=1",
					"$(inherited)",
				);
				GCC_WARN_64_TO_32_BIT_CONVERSION = YES;
				GCC_WARN_ABOUT_RETURN_TYPE = YES_ERROR;
				GCC_WARN_UNDECLARED_SELECTOR = YES;
				GCC_WARN_UNINITIALIZED_AUTOS = YES_AGGRESSIVE;
				GCC_WARN_UNUSED_FUNCTION = YES;
				GCC_WARN_UNUSED_VARIABLE = YES;
				IPHONEOS_DEPLOYMENT_TARGET = 9.3;
				MTL_ENABLE_DEBUG_INFO = YES;
				ONLY_ACTIVE_ARCH = YES;
				SDKROOT = iphoneos;
			};
			name = Debug;
		};
		E1EC40371D6D865700F364F9 /* Release */ = {
			isa = XCBuildConfiguration;
			buildSettings = {
				ALWAYS_SEARCH_USER_PATHS = NO;
				CLANG_ANALYZER_NONNULL = YES;
				CLANG_CXX_LANGUAGE_STANDARD = "gnu++0x";
				CLANG_CXX_LIBRARY = "libc++";
				CLANG_ENABLE_MODULES = YES;
				CLANG_ENABLE_OBJC_ARC = YES;
				CLANG_WARN_BOOL_CONVERSION = YES;
				CLANG_WARN_CONSTANT_CONVERSION = YES;
				CLANG_WARN_DIRECT_OBJC_ISA_USAGE = YES_ERROR;
				CLANG_WARN_EMPTY_BODY = YES;
				CLANG_WARN_ENUM_CONVERSION = YES;
				CLANG_WARN_INFINITE_RECURSION = YES;
				CLANG_WARN_INT_CONVERSION = YES;
				CLANG_WARN_OBJC_ROOT_CLASS = YES_ERROR;
				CLANG_WARN_SUSPICIOUS_MOVE = YES;
				CLANG_WARN_UNREACHABLE_CODE = YES;
				CLANG_WARN__DUPLICATE_METHOD_MATCH = YES;
				"CODE_SIGN_IDENTITY[sdk=iphoneos*]" = "iPhone Developer";
				COPY_PHASE_STRIP = NO;
				DEBUG_INFORMATION_FORMAT = "dwarf-with-dsym";
				ENABLE_NS_ASSERTIONS = NO;
				ENABLE_STRICT_OBJC_MSGSEND = YES;
				GCC_C_LANGUAGE_STANDARD = gnu99;
				GCC_NO_COMMON_BLOCKS = YES;
				GCC_WARN_64_TO_32_BIT_CONVERSION = YES;
				GCC_WARN_ABOUT_RETURN_TYPE = YES_ERROR;
				GCC_WARN_UNDECLARED_SELECTOR = YES;
				GCC_WARN_UNINITIALIZED_AUTOS = YES_AGGRESSIVE;
				GCC_WARN_UNUSED_FUNCTION = YES;
				GCC_WARN_UNUSED_VARIABLE = YES;
				IPHONEOS_DEPLOYMENT_TARGET = 9.3;
				MTL_ENABLE_DEBUG_INFO = NO;
				SDKROOT = iphoneos;
				VALIDATE_PRODUCT = YES;
			};
			name = Release;
		};
		E1EC40391D6D865700F364F9 /* Debug */ = {
			isa = XCBuildConfiguration;
			baseConfigurationReference = E95A04C97F44965C981FC2D5 /* Pods-KazanCityGuide.debug.xcconfig */;
			buildSettings = {
				ASSETCATALOG_COMPILER_APPICON_NAME = AppIcon;
				CODE_SIGN_IDENTITY = "iPhone Developer";
				"CODE_SIGN_IDENTITY[sdk=iphoneos*]" = "iPhone Developer";
				INFOPLIST_FILE = KazanCityGuide/Info.plist;
				LD_RUNPATH_SEARCH_PATHS = "$(inherited) @executable_path/Frameworks";
				PRODUCT_BUNDLE_IDENTIFIER = anonymSociety.KazanCityGuide;
				PRODUCT_NAME = "$(TARGET_NAME)";
				PROVISIONING_PROFILE = "";
			};
			name = Debug;
		};
		E1EC403A1D6D865700F364F9 /* Release */ = {
			isa = XCBuildConfiguration;
			baseConfigurationReference = 14E4DEA684BC3DACC2B2E115 /* Pods-KazanCityGuide.release.xcconfig */;
			buildSettings = {
				ASSETCATALOG_COMPILER_APPICON_NAME = AppIcon;
				CODE_SIGN_IDENTITY = "iPhone Developer";
				"CODE_SIGN_IDENTITY[sdk=iphoneos*]" = "iPhone Developer";
				INFOPLIST_FILE = KazanCityGuide/Info.plist;
				LD_RUNPATH_SEARCH_PATHS = "$(inherited) @executable_path/Frameworks";
				PRODUCT_BUNDLE_IDENTIFIER = anonymSociety.KazanCityGuide;
				PRODUCT_NAME = "$(TARGET_NAME)";
				PROVISIONING_PROFILE = "";
			};
			name = Release;
		};
		E1EC403C1D6D865700F364F9 /* Debug */ = {
			isa = XCBuildConfiguration;
			buildSettings = {
				BUNDLE_LOADER = "$(TEST_HOST)";
				INFOPLIST_FILE = KazanCityGuideTests/Info.plist;
				LD_RUNPATH_SEARCH_PATHS = "$(inherited) @executable_path/Frameworks @loader_path/Frameworks";
				PRODUCT_BUNDLE_IDENTIFIER = anonymSociety.KazanCityGuideTests;
				PRODUCT_NAME = "$(TARGET_NAME)";
				TEST_HOST = "$(BUILT_PRODUCTS_DIR)/KazanCityGuide.app/KazanCityGuide";
			};
			name = Debug;
		};
		E1EC403D1D6D865700F364F9 /* Release */ = {
			isa = XCBuildConfiguration;
			buildSettings = {
				BUNDLE_LOADER = "$(TEST_HOST)";
				INFOPLIST_FILE = KazanCityGuideTests/Info.plist;
				LD_RUNPATH_SEARCH_PATHS = "$(inherited) @executable_path/Frameworks @loader_path/Frameworks";
				PRODUCT_BUNDLE_IDENTIFIER = anonymSociety.KazanCityGuideTests;
				PRODUCT_NAME = "$(TARGET_NAME)";
				TEST_HOST = "$(BUILT_PRODUCTS_DIR)/KazanCityGuide.app/KazanCityGuide";
			};
			name = Release;
		};
		E1EC403F1D6D865700F364F9 /* Debug */ = {
			isa = XCBuildConfiguration;
			buildSettings = {
				INFOPLIST_FILE = KazanCityGuideUITests/Info.plist;
				LD_RUNPATH_SEARCH_PATHS = "$(inherited) @executable_path/Frameworks @loader_path/Frameworks";
				PRODUCT_BUNDLE_IDENTIFIER = anonymSociety.KazanCityGuideUITests;
				PRODUCT_NAME = "$(TARGET_NAME)";
				TEST_TARGET_NAME = KazanCityGuide;
			};
			name = Debug;
		};
		E1EC40401D6D865700F364F9 /* Release */ = {
			isa = XCBuildConfiguration;
			buildSettings = {
				INFOPLIST_FILE = KazanCityGuideUITests/Info.plist;
				LD_RUNPATH_SEARCH_PATHS = "$(inherited) @executable_path/Frameworks @loader_path/Frameworks";
				PRODUCT_BUNDLE_IDENTIFIER = anonymSociety.KazanCityGuideUITests;
				PRODUCT_NAME = "$(TARGET_NAME)";
				TEST_TARGET_NAME = KazanCityGuide;
			};
			name = Release;
		};
/* End XCBuildConfiguration section */

/* Begin XCConfigurationList section */
		E1EC40031D6D865600F364F9 /* Build configuration list for PBXProject "KazanCityGuide" */ = {
			isa = XCConfigurationList;
			buildConfigurations = (
				E1EC40361D6D865700F364F9 /* Debug */,
				E1EC40371D6D865700F364F9 /* Release */,
			);
			defaultConfigurationIsVisible = 0;
			defaultConfigurationName = Release;
		};
		E1EC40381D6D865700F364F9 /* Build configuration list for PBXNativeTarget "KazanCityGuide" */ = {
			isa = XCConfigurationList;
			buildConfigurations = (
				E1EC40391D6D865700F364F9 /* Debug */,
				E1EC403A1D6D865700F364F9 /* Release */,
			);
			defaultConfigurationIsVisible = 0;
			defaultConfigurationName = Release;
		};
		E1EC403B1D6D865700F364F9 /* Build configuration list for PBXNativeTarget "KazanCityGuideTests" */ = {
			isa = XCConfigurationList;
			buildConfigurations = (
				E1EC403C1D6D865700F364F9 /* Debug */,
				E1EC403D1D6D865700F364F9 /* Release */,
			);
			defaultConfigurationIsVisible = 0;
			defaultConfigurationName = Release;
		};
		E1EC403E1D6D865700F364F9 /* Build configuration list for PBXNativeTarget "KazanCityGuideUITests" */ = {
			isa = XCConfigurationList;
			buildConfigurations = (
				E1EC403F1D6D865700F364F9 /* Debug */,
				E1EC40401D6D865700F364F9 /* Release */,
			);
			defaultConfigurationIsVisible = 0;
			defaultConfigurationName = Release;
		};
/* End XCConfigurationList section */

/* Begin XCVersionGroup section */
		E1EC40171D6D865600F364F9 /* KazanCityGuide.xcdatamodeld */ = {
			isa = XCVersionGroup;
			children = (
				E1EC40181D6D865600F364F9 /* KazanCityGuide.xcdatamodel */,
			);
			currentVersion = E1EC40181D6D865600F364F9 /* KazanCityGuide.xcdatamodel */;
			path = KazanCityGuide.xcdatamodeld;
			sourceTree = "<group>";
			versionGroupType = wrapper.xcdatamodel;
		};
/* End XCVersionGroup section */
	};
	rootObject = E1EC40001D6D865600F364F9 /* Project object */;
}
